
Microsoft Visual Studio Solution File, Format Version 12.00
# Visual Studio Version 16
VisualStudioVersion = 16.0.30114.105
MinimumVisualStudioVersion = 10.0.40219.1
Project("{FAE04EC0-301F-11D3-BF4B-00C04F79EFBC}") = "Tests", "Tests\Tests.csproj", "{D8E70394-E82B-47E7-BB30-DE50BAA20C1B}"
EndProject
Project("{FAE04EC0-301F-11D3-BF4B-00C04F79EFBC}") = "WebApp", "WebApp\WebApp.csproj", "{35440AA5-CEFB-45C1-9833-F06350B6A1E0}"
EndProject
Project("{FAE04EC0-301F-11D3-BF4B-00C04F79EFBC}") = "Domain", "Domain\Domain.csproj", "{8757F738-F628-4CE9-B549-1BF8D8D03A57}"
EndProject
Project("{FAE04EC0-301F-11D3-BF4B-00C04F79EFBC}") = "Domain.Interfaces", "Domain.Interfaces\Domain.Interfaces.csproj", "{B1B34FA9-79AF-44C4-834F-0CDA9120BAD4}"
EndProject
Project("{FAE04EC0-301F-11D3-BF4B-00C04F79EFBC}") = "Domain.Base", "Domain.Base\Domain.Base.csproj", "{A53C70B8-E14B-4C54-8B76-BF5FD73A4032}"
EndProject
Project("{FAE04EC0-301F-11D3-BF4B-00C04F79EFBC}") = "Repositories.Interfaces", "Repositories.Interfaces\Repositories.Interfaces.csproj", "{1365D349-BBE7-4700-95F2-C67CE5593541}"
EndProject
Project("{FAE04EC0-301F-11D3-BF4B-00C04F79EFBC}") = "Repositories", "Repositories\Repositories.csproj", "{51AEC428-DB76-41BC-932F-316B7BACE4C7}"
EndProject
Project("{FAE04EC0-301F-11D3-BF4B-00C04F79EFBC}") = "Mappers.Interfaces", "Mappers.Interfaces\Mappers.Interfaces.csproj", "{FB975C11-1BFF-4F4E-B644-0FF17850CDC3}"
EndProject
Project("{FAE04EC0-301F-11D3-BF4B-00C04F79EFBC}") = "DTO.RepositoryEntity", "DTO.RepositoryEntity\DTO.RepositoryEntity.csproj", "{7AED0B72-5486-4F12-9627-3DAD67DF4517}"
EndProject
Project("{FAE04EC0-301F-11D3-BF4B-00C04F79EFBC}") = "Mappers", "Mappers\Mappers.csproj", "{9BDC77B2-4B04-471E-852B-746A2F0E3363}"
EndProject
Project("{FAE04EC0-301F-11D3-BF4B-00C04F79EFBC}") = "Mappers.RepositoryEntity", "Mappers.RepositoryEntity\Mappers.RepositoryEntity.csproj", "{6D3041E8-E840-41CF-9A78-130DDCCE4BDE}"
EndProject
Project("{FAE04EC0-301F-11D3-BF4B-00C04F79EFBC}") = "UnitOfWork", "UnitOfWork\UnitOfWork.csproj", "{593545B9-3E30-4933-80F4-C978E1638635}"
EndProject
Project("{FAE04EC0-301F-11D3-BF4B-00C04F79EFBC}") = "BLL.Interfaces", "BLL.Interfaces\BLL.Interfaces.csproj", "{5DC57A7D-B70B-4D63-934C-F063FDE35B06}"
EndProject
Project("{FAE04EC0-301F-11D3-BF4B-00C04F79EFBC}") = "BLL", "BLL\BLL.csproj", "{C21BB6BD-8E39-4FB9-8E0D-E18B57755C4D}"
EndProject
Project("{FAE04EC0-301F-11D3-BF4B-00C04F79EFBC}") = "DTO.ServiceEntity", "DTO.ServiceEntity\DTO.ServiceEntity.csproj", "{C8B7A39B-792E-4D8F-BA95-2E1846AD3EA9}"
EndProject
Project("{FAE04EC0-301F-11D3-BF4B-00C04F79EFBC}") = "Mappers.ServiceEntity", "Mappers.ServiceEntity\Mappers.ServiceEntity.csproj", "{58114916-AD25-4D39-876A-0C489261F699}"
EndProject
Project("{FAE04EC0-301F-11D3-BF4B-00C04F79EFBC}") = "DTO.Public", "DTO.Public\DTO.Public.csproj", "{090C5C52-D8E2-4FFC-B58D-005ABF58A8F8}"
EndProject
Project("{FAE04EC0-301F-11D3-BF4B-00C04F79EFBC}") = "Mappers.PublicEntity", "Mappers.PublicEntity\Mappers.PublicEntity.csproj", "{04B024A3-2AEF-4685-AA83-3611A3B61E53}"
EndProject
Global
	GlobalSection(SolutionConfigurationPlatforms) = preSolution
		Debug|Any CPU = Debug|Any CPU
		Release|Any CPU = Release|Any CPU
	EndGlobalSection
	GlobalSection(SolutionProperties) = preSolution
		HideSolutionNode = FALSE
	EndGlobalSection
	GlobalSection(ProjectConfigurationPlatforms) = postSolution
		{D8E70394-E82B-47E7-BB30-DE50BAA20C1B}.Debug|Any CPU.ActiveCfg = Debug|Any CPU
		{D8E70394-E82B-47E7-BB30-DE50BAA20C1B}.Debug|Any CPU.Build.0 = Debug|Any CPU
		{D8E70394-E82B-47E7-BB30-DE50BAA20C1B}.Release|Any CPU.ActiveCfg = Release|Any CPU
		{D8E70394-E82B-47E7-BB30-DE50BAA20C1B}.Release|Any CPU.Build.0 = Release|Any CPU
		{35440AA5-CEFB-45C1-9833-F06350B6A1E0}.Debug|Any CPU.ActiveCfg = Debug|Any CPU
		{35440AA5-CEFB-45C1-9833-F06350B6A1E0}.Debug|Any CPU.Build.0 = Debug|Any CPU
		{35440AA5-CEFB-45C1-9833-F06350B6A1E0}.Release|Any CPU.ActiveCfg = Release|Any CPU
		{35440AA5-CEFB-45C1-9833-F06350B6A1E0}.Release|Any CPU.Build.0 = Release|Any CPU
		{8757F738-F628-4CE9-B549-1BF8D8D03A57}.Debug|Any CPU.ActiveCfg = Debug|Any CPU
		{8757F738-F628-4CE9-B549-1BF8D8D03A57}.Debug|Any CPU.Build.0 = Debug|Any CPU
		{8757F738-F628-4CE9-B549-1BF8D8D03A57}.Release|Any CPU.ActiveCfg = Release|Any CPU
		{8757F738-F628-4CE9-B549-1BF8D8D03A57}.Release|Any CPU.Build.0 = Release|Any CPU
		{B1B34FA9-79AF-44C4-834F-0CDA9120BAD4}.Debug|Any CPU.ActiveCfg = Debug|Any CPU
		{B1B34FA9-79AF-44C4-834F-0CDA9120BAD4}.Debug|Any CPU.Build.0 = Debug|Any CPU
		{B1B34FA9-79AF-44C4-834F-0CDA9120BAD4}.Release|Any CPU.ActiveCfg = Release|Any CPU
		{B1B34FA9-79AF-44C4-834F-0CDA9120BAD4}.Release|Any CPU.Build.0 = Release|Any CPU
		{A53C70B8-E14B-4C54-8B76-BF5FD73A4032}.Debug|Any CPU.ActiveCfg = Debug|Any CPU
		{A53C70B8-E14B-4C54-8B76-BF5FD73A4032}.Debug|Any CPU.Build.0 = Debug|Any CPU
		{A53C70B8-E14B-4C54-8B76-BF5FD73A4032}.Release|Any CPU.ActiveCfg = Release|Any CPU
		{A53C70B8-E14B-4C54-8B76-BF5FD73A4032}.Release|Any CPU.Build.0 = Release|Any CPU
		{1365D349-BBE7-4700-95F2-C67CE5593541}.Debug|Any CPU.ActiveCfg = Debug|Any CPU
		{1365D349-BBE7-4700-95F2-C67CE5593541}.Debug|Any CPU.Build.0 = Debug|Any CPU
		{1365D349-BBE7-4700-95F2-C67CE5593541}.Release|Any CPU.ActiveCfg = Release|Any CPU
		{1365D349-BBE7-4700-95F2-C67CE5593541}.Release|Any CPU.Build.0 = Release|Any CPU
		{51AEC428-DB76-41BC-932F-316B7BACE4C7}.Debug|Any CPU.ActiveCfg = Debug|Any CPU
		{51AEC428-DB76-41BC-932F-316B7BACE4C7}.Debug|Any CPU.Build.0 = Debug|Any CPU
		{51AEC428-DB76-41BC-932F-316B7BACE4C7}.Release|Any CPU.ActiveCfg = Release|Any CPU
		{51AEC428-DB76-41BC-932F-316B7BACE4C7}.Release|Any CPU.Build.0 = Release|Any CPU
		{FB975C11-1BFF-4F4E-B644-0FF17850CDC3}.Debug|Any CPU.ActiveCfg = Debug|Any CPU
		{FB975C11-1BFF-4F4E-B644-0FF17850CDC3}.Debug|Any CPU.Build.0 = Debug|Any CPU
		{FB975C11-1BFF-4F4E-B644-0FF17850CDC3}.Release|Any CPU.ActiveCfg = Release|Any CPU
		{FB975C11-1BFF-4F4E-B644-0FF17850CDC3}.Release|Any CPU.Build.0 = Release|Any CPU
		{7AED0B72-5486-4F12-9627-3DAD67DF4517}.Debug|Any CPU.ActiveCfg = Debug|Any CPU
		{7AED0B72-5486-4F12-9627-3DAD67DF4517}.Debug|Any CPU.Build.0 = Debug|Any CPU
		{7AED0B72-5486-4F12-9627-3DAD67DF4517}.Release|Any CPU.ActiveCfg = Release|Any CPU
		{7AED0B72-5486-4F12-9627-3DAD67DF4517}.Release|Any CPU.Build.0 = Release|Any CPU
		{9BDC77B2-4B04-471E-852B-746A2F0E3363}.Debug|Any CPU.ActiveCfg = Debug|Any CPU
		{9BDC77B2-4B04-471E-852B-746A2F0E3363}.Debug|Any CPU.Build.0 = Debug|Any CPU
		{9BDC77B2-4B04-471E-852B-746A2F0E3363}.Release|Any CPU.ActiveCfg = Release|Any CPU
		{9BDC77B2-4B04-471E-852B-746A2F0E3363}.Release|Any CPU.Build.0 = Release|Any CPU
		{6D3041E8-E840-41CF-9A78-130DDCCE4BDE}.Debug|Any CPU.ActiveCfg = Debug|Any CPU
		{6D3041E8-E840-41CF-9A78-130DDCCE4BDE}.Debug|Any CPU.Build.0 = Debug|Any CPU
		{6D3041E8-E840-41CF-9A78-130DDCCE4BDE}.Release|Any CPU.ActiveCfg = Release|Any CPU
		{6D3041E8-E840-41CF-9A78-130DDCCE4BDE}.Release|Any CPU.Build.0 = Release|Any CPU
		{593545B9-3E30-4933-80F4-C978E1638635}.Debug|Any CPU.ActiveCfg = Debug|Any CPU
		{593545B9-3E30-4933-80F4-C978E1638635}.Debug|Any CPU.Build.0 = Debug|Any CPU
		{593545B9-3E30-4933-80F4-C978E1638635}.Release|Any CPU.ActiveCfg = Release|Any CPU
		{593545B9-3E30-4933-80F4-C978E1638635}.Release|Any CPU.Build.0 = Release|Any CPU
		{5DC57A7D-B70B-4D63-934C-F063FDE35B06}.Debug|Any CPU.ActiveCfg = Debug|Any CPU
		{5DC57A7D-B70B-4D63-934C-F063FDE35B06}.Debug|Any CPU.Build.0 = Debug|Any CPU
		{5DC57A7D-B70B-4D63-934C-F063FDE35B06}.Release|Any CPU.ActiveCfg = Release|Any CPU
		{5DC57A7D-B70B-4D63-934C-F063FDE35B06}.Release|Any CPU.Build.0 = Release|Any CPU
		{C21BB6BD-8E39-4FB9-8E0D-E18B57755C4D}.Debug|Any CPU.ActiveCfg = Debug|Any CPU
		{C21BB6BD-8E39-4FB9-8E0D-E18B57755C4D}.Debug|Any CPU.Build.0 = Debug|Any CPU
		{C21BB6BD-8E39-4FB9-8E0D-E18B57755C4D}.Release|Any CPU.ActiveCfg = Release|Any CPU
		{C21BB6BD-8E39-4FB9-8E0D-E18B57755C4D}.Release|Any CPU.Build.0 = Release|Any CPU
		{C8B7A39B-792E-4D8F-BA95-2E1846AD3EA9}.Debug|Any CPU.ActiveCfg = Debug|Any CPU
		{C8B7A39B-792E-4D8F-BA95-2E1846AD3EA9}.Debug|Any CPU.Build.0 = Debug|Any CPU
		{C8B7A39B-792E-4D8F-BA95-2E1846AD3EA9}.Release|Any CPU.ActiveCfg = Release|Any CPU
		{C8B7A39B-792E-4D8F-BA95-2E1846AD3EA9}.Release|Any CPU.Build.0 = Release|Any CPU
		{58114916-AD25-4D39-876A-0C489261F699}.Debug|Any CPU.ActiveCfg = Debug|Any CPU
		{58114916-AD25-4D39-876A-0C489261F699}.Debug|Any CPU.Build.0 = Debug|Any CPU
		{58114916-AD25-4D39-876A-0C489261F699}.Release|Any CPU.ActiveCfg = Release|Any CPU
		{58114916-AD25-4D39-876A-0C489261F699}.Release|Any CPU.Build.0 = Release|Any CPU
		{090C5C52-D8E2-4FFC-B58D-005ABF58A8F8}.Debug|Any CPU.ActiveCfg = Debug|Any CPU
		{090C5C52-D8E2-4FFC-B58D-005ABF58A8F8}.Debug|Any CPU.Build.0 = Debug|Any CPU
		{090C5C52-D8E2-4FFC-B58D-005ABF58A8F8}.Release|Any CPU.ActiveCfg = Release|Any CPU
		{090C5C52-D8E2-4FFC-B58D-005ABF58A8F8}.Release|Any CPU.Build.0 = Release|Any CPU
		{04B024A3-2AEF-4685-AA83-3611A3B61E53}.Debug|Any CPU.ActiveCfg = Debug|Any CPU
		{04B024A3-2AEF-4685-AA83-3611A3B61E53}.Debug|Any CPU.Build.0 = Debug|Any CPU
		{04B024A3-2AEF-4685-AA83-3611A3B61E53}.Release|Any CPU.ActiveCfg = Release|Any CPU
		{04B024A3-2AEF-4685-AA83-3611A3B61E53}.Release|Any CPU.Build.0 = Release|Any CPU
	EndGlobalSection
EndGlobal
